
Microsoft Visual Studio Solution File, Format Version 12.00
# Visual Studio Version 17
VisualStudioVersion = 17.6.33723.286
MinimumVisualStudioVersion = 10.0.40219.1
Project("{FAE04EC0-301F-11D3-BF4B-00C04F79EFBC}") = "Tema9_apps_graficas", "Tema9_apps_graficas\Tema9_apps_graficas.csproj", "{39A4D76C-89E6-4B17-A2E6-BF321462EEDD}"
EndProject
Global
	GlobalSection(SolutionConfigurationPlatforms) = preSolution
		Debug|Any CPU = Debug|Any CPU
		Release|Any CPU = Release|Any CPU
	EndGlobalSection
	GlobalSection(ProjectConfigurationPlatforms) = postSolution
		{39A4D76C-89E6-4B17-A2E6-BF321462EEDD}.Debug|Any CPU.ActiveCfg = Debug|Any CPU
		{39A4D76C-89E6-4B17-A2E6-BF321462EEDD}.Debug|Any CPU.Build.0 = Debug|Any CPU
		{39A4D76C-89E6-4B17-A2E6-BF321462EEDD}.Release|Any CPU.ActiveCfg = Release|Any CPU
		{39A4D76C-89E6-4B17-A2E6-BF321462EEDD}.Release|Any CPU.Build.0 = Release|Any CPU
	EndGlobalSection
	GlobalSection(SolutionProperties) = preSolution
		HideSolutionNode = FALSE
	EndGlobalSection
	GlobalSection(ExtensibilityGlobals) = postSolution
		SolutionGuid = {497400E9-E042-4FF9-8FA3-D9BBE450C377}
	EndGlobalSection
EndGlobal
