
Microsoft Visual Studio Solution File, Format Version 12.00
# Visual Studio Version 17
VisualStudioVersion = 17.6.33723.286
MinimumVisualStudioVersion = 10.0.40219.1
Project("{FAE04EC0-301F-11D3-BF4B-00C04F79EFBC}") = "ejercicios_2", "ejercicios_2\ejercicios_2.csproj", "{6066CCBF-CA4E-4AED-8535-74B8F16EA51D}"
EndProject
Global
	GlobalSection(SolutionConfigurationPlatforms) = preSolution
		Debug|Any CPU = Debug|Any CPU
		Release|Any CPU = Release|Any CPU
	EndGlobalSection
	GlobalSection(ProjectConfigurationPlatforms) = postSolution
		{6066CCBF-CA4E-4AED-8535-74B8F16EA51D}.Debug|Any CPU.ActiveCfg = Debug|Any CPU
		{6066CCBF-CA4E-4AED-8535-74B8F16EA51D}.Debug|Any CPU.Build.0 = Debug|Any CPU
		{6066CCBF-CA4E-4AED-8535-74B8F16EA51D}.Release|Any CPU.ActiveCfg = Release|Any CPU
		{6066CCBF-CA4E-4AED-8535-74B8F16EA51D}.Release|Any CPU.Build.0 = Release|Any CPU
	EndGlobalSection
	GlobalSection(SolutionProperties) = preSolution
		HideSolutionNode = FALSE
	EndGlobalSection
	GlobalSection(ExtensibilityGlobals) = postSolution
		SolutionGuid = {2D1EA534-BB76-4891-ABEC-C8BBFA9C38AD}
	EndGlobalSection
EndGlobal
